
Microsoft Visual Studio Solution File, Format Version 12.00
# Visual Studio Version 17
VisualStudioVersion = 17.14.36301.6
MinimumVisualStudioVersion = 10.0.40219.1
Project("{FAE04EC0-301F-11D3-BF4B-00C04F79EFBC}") = "CastorApplication", "CastorApplication\CastorApplication.csproj", "{CFFD342E-AB0C-4B39-96CA-E0BBB08EDB33}"
EndProject
Project("{FAE04EC0-301F-11D3-BF4B-00C04F79EFBC}") = "CastorCore", "CastorCore\CastorCore.csproj", "{AD1B94BB-A49C-493D-BD94-758470EBB8B0}"
EndProject
Project("{FAE04EC0-301F-11D3-BF4B-00C04F79EFBC}") = "CastorCoreTests", "CastorCoreTests\CastorCoreTests.csproj", "{16922174-E49C-4A63-8455-9A5608EBD292}"
EndProject
Global
	GlobalSection(SolutionConfigurationPlatforms) = preSolution
		Debug|Any CPU = Debug|Any CPU
		Release|Any CPU = Release|Any CPU
	EndGlobalSection
	GlobalSection(ProjectConfigurationPlatforms) = postSolution
		{CFFD342E-AB0C-4B39-96CA-E0BBB08EDB33}.Debug|Any CPU.ActiveCfg = Debug|Any CPU
		{CFFD342E-AB0C-4B39-96CA-E0BBB08EDB33}.Debug|Any CPU.Build.0 = Debug|Any CPU
		{CFFD342E-AB0C-4B39-96CA-E0BBB08EDB33}.Release|Any CPU.ActiveCfg = Release|Any CPU
		{CFFD342E-AB0C-4B39-96CA-E0BBB08EDB33}.Release|Any CPU.Build.0 = Release|Any CPU
		{AD1B94BB-A49C-493D-BD94-758470EBB8B0}.Debug|Any CPU.ActiveCfg = Debug|Any CPU
		{AD1B94BB-A49C-493D-BD94-758470EBB8B0}.Debug|Any CPU.Build.0 = Debug|Any CPU
		{AD1B94BB-A49C-493D-BD94-758470EBB8B0}.Release|Any CPU.ActiveCfg = Release|Any CPU
		{AD1B94BB-A49C-493D-BD94-758470EBB8B0}.Release|Any CPU.Build.0 = Release|Any CPU
		{16922174-E49C-4A63-8455-9A5608EBD292}.Debug|Any CPU.ActiveCfg = Debug|Any CPU
		{16922174-E49C-4A63-8455-9A5608EBD292}.Debug|Any CPU.Build.0 = Debug|Any CPU
		{16922174-E49C-4A63-8455-9A5608EBD292}.Release|Any CPU.ActiveCfg = Release|Any CPU
		{16922174-E49C-4A63-8455-9A5608EBD292}.Release|Any CPU.Build.0 = Release|Any CPU
	EndGlobalSection
	GlobalSection(SolutionProperties) = preSolution
		HideSolutionNode = FALSE
	EndGlobalSection
	GlobalSection(ExtensibilityGlobals) = postSolution
		SolutionGuid = {A11C8A6C-6B22-4959-B76D-1E634B85AB9E}
	EndGlobalSection
EndGlobal
